
Microsoft Visual Studio Solution File, Format Version 12.00
# Visual Studio Version 16
VisualStudioVersion = 16.0.28922.388
MinimumVisualStudioVersion = 10.0.40219.1
Project("{FAE04EC0-301F-11D3-BF4B-00C04F79EFBC}") = "UnitTestProjectTest", "UnitTestProjectTest\UnitTestProjectTest.csproj", "{D05755FC-FF26-4AAB-9442-C6E1E4FF6278}"
EndProject
Global
	GlobalSection(SolutionConfigurationPlatforms) = preSolution
		Debug|Any CPU = Debug|Any CPU
		Release|Any CPU = Release|Any CPU
	EndGlobalSection
	GlobalSection(ProjectConfigurationPlatforms) = postSolution
		{D05755FC-FF26-4AAB-9442-C6E1E4FF6278}.Debug|Any CPU.ActiveCfg = Debug|Any CPU
		{D05755FC-FF26-4AAB-9442-C6E1E4FF6278}.Debug|Any CPU.Build.0 = Debug|Any CPU
		{D05755FC-FF26-4AAB-9442-C6E1E4FF6278}.Release|Any CPU.ActiveCfg = Release|Any CPU
		{D05755FC-FF26-4AAB-9442-C6E1E4FF6278}.Release|Any CPU.Build.0 = Release|Any CPU
	EndGlobalSection
	GlobalSection(SolutionProperties) = preSolution
		HideSolutionNode = FALSE
	EndGlobalSection
	GlobalSection(ExtensibilityGlobals) = postSolution
		SolutionGuid = {2F3E93C8-A9F3-4C6F-9EF0-8E42BA07E68B}
	EndGlobalSection
EndGlobal
